
Microsoft Visual Studio Solution File, Format Version 12.00
# Visual Studio Version 16
VisualStudioVersion = 16.0.30717.126
MinimumVisualStudioVersion = 10.0.40219.1
Project("{FAE04EC0-301F-11D3-BF4B-00C04F79EFBC}") = "ToDoApp.Entities", "ToDoApp.Entities\ToDoApp.Entities.csproj", "{EFED32C3-4DB3-4141-9FE2-742207DCA5B5}"
EndProject
Project("{FAE04EC0-301F-11D3-BF4B-00C04F79EFBC}") = "ToDoApp.Data", "ToDoApp.Data\ToDoApp.Data.csproj", "{92272B5C-7FDB-4D55-B7F5-7424C8969BA3}"
EndProject
Project("{FAE04EC0-301F-11D3-BF4B-00C04F79EFBC}") = "ToDoApp.Web", "ToDoApp.Web\ToDoApp.Web.csproj", "{03D78BBE-AC7E-490A-82D6-211876A26A1E}"
EndProject
Project("{FAE04EC0-301F-11D3-BF4B-00C04F79EFBC}") = "ToDoApp.Service", "ToDoApp.Service\ToDoApp.Service.csproj", "{D9EA88E2-EB2E-4360-8A2F-67832A467FDE}"
EndProject
Global
	GlobalSection(SolutionConfigurationPlatforms) = preSolution
		Debug|Any CPU = Debug|Any CPU
		Release|Any CPU = Release|Any CPU
	EndGlobalSection
	GlobalSection(ProjectConfigurationPlatforms) = postSolution
		{EFED32C3-4DB3-4141-9FE2-742207DCA5B5}.Debug|Any CPU.ActiveCfg = Debug|Any CPU
		{EFED32C3-4DB3-4141-9FE2-742207DCA5B5}.Debug|Any CPU.Build.0 = Debug|Any CPU
		{EFED32C3-4DB3-4141-9FE2-742207DCA5B5}.Release|Any CPU.ActiveCfg = Release|Any CPU
		{EFED32C3-4DB3-4141-9FE2-742207DCA5B5}.Release|Any CPU.Build.0 = Release|Any CPU
		{92272B5C-7FDB-4D55-B7F5-7424C8969BA3}.Debug|Any CPU.ActiveCfg = Debug|Any CPU
		{92272B5C-7FDB-4D55-B7F5-7424C8969BA3}.Debug|Any CPU.Build.0 = Debug|Any CPU
		{92272B5C-7FDB-4D55-B7F5-7424C8969BA3}.Release|Any CPU.ActiveCfg = Release|Any CPU
		{92272B5C-7FDB-4D55-B7F5-7424C8969BA3}.Release|Any CPU.Build.0 = Release|Any CPU
		{03D78BBE-AC7E-490A-82D6-211876A26A1E}.Debug|Any CPU.ActiveCfg = Debug|Any CPU
		{03D78BBE-AC7E-490A-82D6-211876A26A1E}.Debug|Any CPU.Build.0 = Debug|Any CPU
		{03D78BBE-AC7E-490A-82D6-211876A26A1E}.Release|Any CPU.ActiveCfg = Release|Any CPU
		{03D78BBE-AC7E-490A-82D6-211876A26A1E}.Release|Any CPU.Build.0 = Release|Any CPU
		{D9EA88E2-EB2E-4360-8A2F-67832A467FDE}.Debug|Any CPU.ActiveCfg = Debug|Any CPU
		{D9EA88E2-EB2E-4360-8A2F-67832A467FDE}.Debug|Any CPU.Build.0 = Debug|Any CPU
		{D9EA88E2-EB2E-4360-8A2F-67832A467FDE}.Release|Any CPU.ActiveCfg = Release|Any CPU
		{D9EA88E2-EB2E-4360-8A2F-67832A467FDE}.Release|Any CPU.Build.0 = Release|Any CPU
	EndGlobalSection
	GlobalSection(SolutionProperties) = preSolution
		HideSolutionNode = FALSE
	EndGlobalSection
	GlobalSection(ExtensibilityGlobals) = postSolution
		SolutionGuid = {A3F6A946-8E58-4330-832A-F7330736720A}
	EndGlobalSection
EndGlobal
